
Microsoft Visual Studio Solution File, Format Version 12.00
# Visual Studio Version 17
VisualStudioVersion = 17.4.33122.133
MinimumVisualStudioVersion = 10.0.40219.1
Project("{9A19103F-16F7-4668-BE54-9A1E7A4F7556}") = "A1P2", "A1P2\A1P2.csproj", "{DC14BB5E-65A0-42B4-B102-64645D8D7CE3}"
EndProject
Project("{9A19103F-16F7-4668-BE54-9A1E7A4F7556}") = "A2P1", "A2P1\A2P1.csproj", "{E00DCCFA-36B2-4757-A72C-66CADE2CDDA2}"
EndProject
Project("{9A19103F-16F7-4668-BE54-9A1E7A4F7556}") = "A2P2", "A2P2\A2P2.csproj", "{5B9B6A91-E6F6-451B-ACDA-04D9332DB6F8}"
EndProject
Project("{9A19103F-16F7-4668-BE54-9A1E7A4F7556}") = "A3P1", "A3P1\A3P1.csproj", "{3F82F38F-DB49-486A-BD86-02F92D32D837}"
EndProject
Project("{9A19103F-16F7-4668-BE54-9A1E7A4F7556}") = "A3P2", "A3P2\A3P2.csproj", "{8D29E72B-AD60-43B6-8DE0-4770379BF33F}"
EndProject
Project("{9A19103F-16F7-4668-BE54-9A1E7A4F7556}") = "A4P1", "A4P1\A4P1.csproj", "{1095BF0E-2BBC-430A-87D1-6276A6E334FE}"
EndProject
Project("{9A19103F-16F7-4668-BE54-9A1E7A4F7556}") = "A4P2", "A4P2\A4P2.csproj", "{F321A1C5-58F1-42C8-A297-9EE66BA68861}"
EndProject
Project("{9A19103F-16F7-4668-BE54-9A1E7A4F7556}") = "A5P1", "A5P1\A5P1.csproj", "{06D4C252-DC59-4B87-AB62-75E5D2515E00}"
EndProject
Project("{9A19103F-16F7-4668-BE54-9A1E7A4F7556}") = "A5P2", "A5P2\A5P2.csproj", "{8CB7194C-4C5C-4873-935D-441D4DF333F0}"
EndProject
Project("{9A19103F-16F7-4668-BE54-9A1E7A4F7556}") = "A6P1", "A6P1\A6P1.csproj", "{D5414CE1-5278-4EF4-8AB0-6BC4054D643A}"
EndProject
Project("{9A19103F-16F7-4668-BE54-9A1E7A4F7556}") = "A6P2", "A6P2\A6P2.csproj", "{64D02C26-C5A2-4217-9786-CC4EA110D162}"
EndProject
Project("{9A19103F-16F7-4668-BE54-9A1E7A4F7556}") = "A7P1", "A7P1\A7P1.csproj", "{74697DBB-0FEC-4BCF-87C1-667E0D8BAF41}"
EndProject
Project("{9A19103F-16F7-4668-BE54-9A1E7A4F7556}") = "A7P2", "A7P2\A7P2.csproj", "{FA9FC7DF-0679-4414-B3AB-3A09CD36679D}"
EndProject
Project("{9A19103F-16F7-4668-BE54-9A1E7A4F7556}") = "A7P2_Recursive", "A7P2_Recursive\A7P2_Recursive.csproj", "{8DCEE868-664A-46B4-ABDE-1DA74BBC2C08}"
EndProject
Project("{9A19103F-16F7-4668-BE54-9A1E7A4F7556}") = "A8P1", "A8P1\A8P1.csproj", "{8618168D-D52A-4BFA-A5B7-F7D7DD7FF66E}"
EndProject
Project("{9A19103F-16F7-4668-BE54-9A1E7A4F7556}") = "A8P2", "A8P2\A8P2.csproj", "{C59D8524-C309-4C54-AE10-EEAA2F93DA53}"
EndProject
Project("{9A19103F-16F7-4668-BE54-9A1E7A4F7556}") = "A9P1", "A9P1\A9P1.csproj", "{D1F9EA08-74C6-46D2-9718-71CA38FCFD1C}"
EndProject
Project("{9A19103F-16F7-4668-BE54-9A1E7A4F7556}") = "A9P2", "A9P2\A9P2.csproj", "{5B5AD66D-B839-476C-8A87-8D497050339C}"
EndProject
Project("{9A19103F-16F7-4668-BE54-9A1E7A4F7556}") = "A9P2_Refactor", "A9P2_Refactor\A9P2_Refactor.csproj", "{8EEF0092-F626-4983-BA74-CE39103B4FE0}"
EndProject
Project("{FAE04EC0-301F-11D3-BF4B-00C04F79EFBC}") = "D10P1", "D10P1\D10P1.csproj", "{3DD66F9E-766B-4A7F-8CB2-5C71A0802324}"
EndProject
Project("{FAE04EC0-301F-11D3-BF4B-00C04F79EFBC}") = "D10P2", "D10P2\D10P2.csproj", "{905458E1-839A-43B4-AB82-2F8E8E30A2F7}"
EndProject
Global
	GlobalSection(SolutionConfigurationPlatforms) = preSolution
		Debug|Any CPU = Debug|Any CPU
		Release|Any CPU = Release|Any CPU
	EndGlobalSection
	GlobalSection(ProjectConfigurationPlatforms) = postSolution
		{DC14BB5E-65A0-42B4-B102-64645D8D7CE3}.Debug|Any CPU.ActiveCfg = Debug|Any CPU
		{DC14BB5E-65A0-42B4-B102-64645D8D7CE3}.Debug|Any CPU.Build.0 = Debug|Any CPU
		{DC14BB5E-65A0-42B4-B102-64645D8D7CE3}.Release|Any CPU.ActiveCfg = Release|Any CPU
		{DC14BB5E-65A0-42B4-B102-64645D8D7CE3}.Release|Any CPU.Build.0 = Release|Any CPU
		{E00DCCFA-36B2-4757-A72C-66CADE2CDDA2}.Debug|Any CPU.ActiveCfg = Debug|Any CPU
		{E00DCCFA-36B2-4757-A72C-66CADE2CDDA2}.Debug|Any CPU.Build.0 = Debug|Any CPU
		{E00DCCFA-36B2-4757-A72C-66CADE2CDDA2}.Release|Any CPU.ActiveCfg = Release|Any CPU
		{E00DCCFA-36B2-4757-A72C-66CADE2CDDA2}.Release|Any CPU.Build.0 = Release|Any CPU
		{5B9B6A91-E6F6-451B-ACDA-04D9332DB6F8}.Debug|Any CPU.ActiveCfg = Debug|Any CPU
		{5B9B6A91-E6F6-451B-ACDA-04D9332DB6F8}.Debug|Any CPU.Build.0 = Debug|Any CPU
		{5B9B6A91-E6F6-451B-ACDA-04D9332DB6F8}.Release|Any CPU.ActiveCfg = Release|Any CPU
		{5B9B6A91-E6F6-451B-ACDA-04D9332DB6F8}.Release|Any CPU.Build.0 = Release|Any CPU
		{3F82F38F-DB49-486A-BD86-02F92D32D837}.Debug|Any CPU.ActiveCfg = Debug|Any CPU
		{3F82F38F-DB49-486A-BD86-02F92D32D837}.Debug|Any CPU.Build.0 = Debug|Any CPU
		{3F82F38F-DB49-486A-BD86-02F92D32D837}.Release|Any CPU.ActiveCfg = Release|Any CPU
		{3F82F38F-DB49-486A-BD86-02F92D32D837}.Release|Any CPU.Build.0 = Release|Any CPU
		{8D29E72B-AD60-43B6-8DE0-4770379BF33F}.Debug|Any CPU.ActiveCfg = Debug|Any CPU
		{8D29E72B-AD60-43B6-8DE0-4770379BF33F}.Debug|Any CPU.Build.0 = Debug|Any CPU
		{8D29E72B-AD60-43B6-8DE0-4770379BF33F}.Release|Any CPU.ActiveCfg = Release|Any CPU
		{8D29E72B-AD60-43B6-8DE0-4770379BF33F}.Release|Any CPU.Build.0 = Release|Any CPU
		{1095BF0E-2BBC-430A-87D1-6276A6E334FE}.Debug|Any CPU.ActiveCfg = Debug|Any CPU
		{1095BF0E-2BBC-430A-87D1-6276A6E334FE}.Debug|Any CPU.Build.0 = Debug|Any CPU
		{1095BF0E-2BBC-430A-87D1-6276A6E334FE}.Release|Any CPU.ActiveCfg = Release|Any CPU
		{1095BF0E-2BBC-430A-87D1-6276A6E334FE}.Release|Any CPU.Build.0 = Release|Any CPU
		{F321A1C5-58F1-42C8-A297-9EE66BA68861}.Debug|Any CPU.ActiveCfg = Debug|Any CPU
		{F321A1C5-58F1-42C8-A297-9EE66BA68861}.Debug|Any CPU.Build.0 = Debug|Any CPU
		{F321A1C5-58F1-42C8-A297-9EE66BA68861}.Release|Any CPU.ActiveCfg = Release|Any CPU
		{F321A1C5-58F1-42C8-A297-9EE66BA68861}.Release|Any CPU.Build.0 = Release|Any CPU
		{06D4C252-DC59-4B87-AB62-75E5D2515E00}.Debug|Any CPU.ActiveCfg = Debug|Any CPU
		{06D4C252-DC59-4B87-AB62-75E5D2515E00}.Debug|Any CPU.Build.0 = Debug|Any CPU
		{06D4C252-DC59-4B87-AB62-75E5D2515E00}.Release|Any CPU.ActiveCfg = Release|Any CPU
		{06D4C252-DC59-4B87-AB62-75E5D2515E00}.Release|Any CPU.Build.0 = Release|Any CPU
		{8CB7194C-4C5C-4873-935D-441D4DF333F0}.Debug|Any CPU.ActiveCfg = Debug|Any CPU
		{8CB7194C-4C5C-4873-935D-441D4DF333F0}.Debug|Any CPU.Build.0 = Debug|Any CPU
		{8CB7194C-4C5C-4873-935D-441D4DF333F0}.Release|Any CPU.ActiveCfg = Release|Any CPU
		{8CB7194C-4C5C-4873-935D-441D4DF333F0}.Release|Any CPU.Build.0 = Release|Any CPU
		{D5414CE1-5278-4EF4-8AB0-6BC4054D643A}.Debug|Any CPU.ActiveCfg = Debug|Any CPU
		{D5414CE1-5278-4EF4-8AB0-6BC4054D643A}.Debug|Any CPU.Build.0 = Debug|Any CPU
		{D5414CE1-5278-4EF4-8AB0-6BC4054D643A}.Release|Any CPU.ActiveCfg = Release|Any CPU
		{D5414CE1-5278-4EF4-8AB0-6BC4054D643A}.Release|Any CPU.Build.0 = Release|Any CPU
		{64D02C26-C5A2-4217-9786-CC4EA110D162}.Debug|Any CPU.ActiveCfg = Debug|Any CPU
		{64D02C26-C5A2-4217-9786-CC4EA110D162}.Debug|Any CPU.Build.0 = Debug|Any CPU
		{64D02C26-C5A2-4217-9786-CC4EA110D162}.Release|Any CPU.ActiveCfg = Release|Any CPU
		{64D02C26-C5A2-4217-9786-CC4EA110D162}.Release|Any CPU.Build.0 = Release|Any CPU
		{74697DBB-0FEC-4BCF-87C1-667E0D8BAF41}.Debug|Any CPU.ActiveCfg = Debug|Any CPU
		{74697DBB-0FEC-4BCF-87C1-667E0D8BAF41}.Debug|Any CPU.Build.0 = Debug|Any CPU
		{74697DBB-0FEC-4BCF-87C1-667E0D8BAF41}.Release|Any CPU.ActiveCfg = Release|Any CPU
		{74697DBB-0FEC-4BCF-87C1-667E0D8BAF41}.Release|Any CPU.Build.0 = Release|Any CPU
		{FA9FC7DF-0679-4414-B3AB-3A09CD36679D}.Debug|Any CPU.ActiveCfg = Debug|Any CPU
		{FA9FC7DF-0679-4414-B3AB-3A09CD36679D}.Debug|Any CPU.Build.0 = Debug|Any CPU
		{FA9FC7DF-0679-4414-B3AB-3A09CD36679D}.Release|Any CPU.ActiveCfg = Release|Any CPU
		{FA9FC7DF-0679-4414-B3AB-3A09CD36679D}.Release|Any CPU.Build.0 = Release|Any CPU
		{8DCEE868-664A-46B4-ABDE-1DA74BBC2C08}.Debug|Any CPU.ActiveCfg = Debug|Any CPU
		{8DCEE868-664A-46B4-ABDE-1DA74BBC2C08}.Debug|Any CPU.Build.0 = Debug|Any CPU
		{8DCEE868-664A-46B4-ABDE-1DA74BBC2C08}.Release|Any CPU.ActiveCfg = Release|Any CPU
		{8DCEE868-664A-46B4-ABDE-1DA74BBC2C08}.Release|Any CPU.Build.0 = Release|Any CPU
		{8618168D-D52A-4BFA-A5B7-F7D7DD7FF66E}.Debug|Any CPU.ActiveCfg = Debug|Any CPU
		{8618168D-D52A-4BFA-A5B7-F7D7DD7FF66E}.Debug|Any CPU.Build.0 = Debug|Any CPU
		{8618168D-D52A-4BFA-A5B7-F7D7DD7FF66E}.Release|Any CPU.ActiveCfg = Release|Any CPU
		{8618168D-D52A-4BFA-A5B7-F7D7DD7FF66E}.Release|Any CPU.Build.0 = Release|Any CPU
		{C59D8524-C309-4C54-AE10-EEAA2F93DA53}.Debug|Any CPU.ActiveCfg = Debug|Any CPU
		{C59D8524-C309-4C54-AE10-EEAA2F93DA53}.Debug|Any CPU.Build.0 = Debug|Any CPU
		{C59D8524-C309-4C54-AE10-EEAA2F93DA53}.Release|Any CPU.ActiveCfg = Release|Any CPU
		{C59D8524-C309-4C54-AE10-EEAA2F93DA53}.Release|Any CPU.Build.0 = Release|Any CPU
		{D1F9EA08-74C6-46D2-9718-71CA38FCFD1C}.Debug|Any CPU.ActiveCfg = Debug|Any CPU
		{D1F9EA08-74C6-46D2-9718-71CA38FCFD1C}.Debug|Any CPU.Build.0 = Debug|Any CPU
		{D1F9EA08-74C6-46D2-9718-71CA38FCFD1C}.Release|Any CPU.ActiveCfg = Release|Any CPU
		{D1F9EA08-74C6-46D2-9718-71CA38FCFD1C}.Release|Any CPU.Build.0 = Release|Any CPU
		{5B5AD66D-B839-476C-8A87-8D497050339C}.Debug|Any CPU.ActiveCfg = Debug|Any CPU
		{5B5AD66D-B839-476C-8A87-8D497050339C}.Debug|Any CPU.Build.0 = Debug|Any CPU
		{5B5AD66D-B839-476C-8A87-8D497050339C}.Release|Any CPU.ActiveCfg = Release|Any CPU
		{5B5AD66D-B839-476C-8A87-8D497050339C}.Release|Any CPU.Build.0 = Release|Any CPU
		{8EEF0092-F626-4983-BA74-CE39103B4FE0}.Debug|Any CPU.ActiveCfg = Debug|Any CPU
		{8EEF0092-F626-4983-BA74-CE39103B4FE0}.Debug|Any CPU.Build.0 = Debug|Any CPU
		{8EEF0092-F626-4983-BA74-CE39103B4FE0}.Release|Any CPU.ActiveCfg = Release|Any CPU
		{8EEF0092-F626-4983-BA74-CE39103B4FE0}.Release|Any CPU.Build.0 = Release|Any CPU
		{3DD66F9E-766B-4A7F-8CB2-5C71A0802324}.Debug|Any CPU.ActiveCfg = Debug|Any CPU
		{3DD66F9E-766B-4A7F-8CB2-5C71A0802324}.Debug|Any CPU.Build.0 = Debug|Any CPU
		{3DD66F9E-766B-4A7F-8CB2-5C71A0802324}.Release|Any CPU.ActiveCfg = Release|Any CPU
		{3DD66F9E-766B-4A7F-8CB2-5C71A0802324}.Release|Any CPU.Build.0 = Release|Any CPU
		{905458E1-839A-43B4-AB82-2F8E8E30A2F7}.Debug|Any CPU.ActiveCfg = Debug|Any CPU
		{905458E1-839A-43B4-AB82-2F8E8E30A2F7}.Debug|Any CPU.Build.0 = Debug|Any CPU
		{905458E1-839A-43B4-AB82-2F8E8E30A2F7}.Release|Any CPU.ActiveCfg = Release|Any CPU
		{905458E1-839A-43B4-AB82-2F8E8E30A2F7}.Release|Any CPU.Build.0 = Release|Any CPU
	EndGlobalSection
	GlobalSection(SolutionProperties) = preSolution
		HideSolutionNode = FALSE
	EndGlobalSection
	GlobalSection(ExtensibilityGlobals) = postSolution
		SolutionGuid = {141F59FD-CFD9-42F4-9054-064DE4D8194F}
	EndGlobalSection
EndGlobal
